
Microsoft Visual Studio Solution File, Format Version 12.00
Project("{2150E333-8FDC-42A3-9474-1A3956D46DE8}") = "src", "src", "{31ACD155-106E-4A27-92AD-AC52929D9C28}"
EndProject
Project("{2150E333-8FDC-42A3-9474-1A3956D46DE8}") = "tests", "tests", "{5E06C9C7-9695-44AC-AB19-CE8778369F4A}"
EndProject
Project("{FAE04EC0-301F-11D3-BF4B-00C04F79EFBC}") = "ApiGateway", "src\ApiGateway\ApiGateway.csproj", "{E7E8E2FE-8C2F-40E5-BA65-9886562CA037}"
EndProject
Project("{FAE04EC0-301F-11D3-BF4B-00C04F79EFBC}") = "BackgroundWorker", "src\BackgroundWorker\BackgroundWorker.csproj", "{A0611860-2A06-434B-A8B7-80316156CF97}"
EndProject
Project("{FAE04EC0-301F-11D3-BF4B-00C04F79EFBC}") = "Shared", "src\Shared\Shared.csproj", "{AF702974-E27A-450C-9648-2FD78F12D0AC}"
EndProject
Project("{FAE04EC0-301F-11D3-BF4B-00C04F79EFBC}") = "ApiGateway.Tests", "tests\ApiGateway.Tests\ApiGateway.Tests.csproj", "{4CDD7C2C-CE36-4F1E-A0D6-56790C051AEF}"
EndProject
Project("{FAE04EC0-301F-11D3-BF4B-00C04F79EFBC}") = "BackgroundWorker.Tests", "tests\BackgroundWorker.Tests\BackgroundWorker.Tests.csproj", "{0728FCB3-7985-43A4-A5CA-F98BA1DFF7D4}"
EndProject
Project("{FAE04EC0-301F-11D3-BF4B-00C04F79EFBC}") = "DbMigration", "src\DbMigration\DbMigration.csproj", "{2C5F73BF-C966-42BA-8053-79FC48FFFEBF}"
EndProject
Global
	GlobalSection(SolutionConfigurationPlatforms) = preSolution
		Debug|Any CPU = Debug|Any CPU
		Debug|x64 = Debug|x64
		Debug|x86 = Debug|x86
		Release|Any CPU = Release|Any CPU
		Release|x64 = Release|x64
		Release|x86 = Release|x86
	EndGlobalSection
	GlobalSection(ProjectConfigurationPlatforms) = postSolution
		{E7E8E2FE-8C2F-40E5-BA65-9886562CA037}.Debug|Any CPU.ActiveCfg = Debug|Any CPU
		{E7E8E2FE-8C2F-40E5-BA65-9886562CA037}.Debug|Any CPU.Build.0 = Debug|Any CPU
		{E7E8E2FE-8C2F-40E5-BA65-9886562CA037}.Debug|x64.ActiveCfg = Debug|Any CPU
		{E7E8E2FE-8C2F-40E5-BA65-9886562CA037}.Debug|x64.Build.0 = Debug|Any CPU
		{E7E8E2FE-8C2F-40E5-BA65-9886562CA037}.Debug|x86.ActiveCfg = Debug|Any CPU
		{E7E8E2FE-8C2F-40E5-BA65-9886562CA037}.Debug|x86.Build.0 = Debug|Any CPU
		{E7E8E2FE-8C2F-40E5-BA65-9886562CA037}.Release|Any CPU.ActiveCfg = Release|Any CPU
		{E7E8E2FE-8C2F-40E5-BA65-9886562CA037}.Release|Any CPU.Build.0 = Release|Any CPU
		{E7E8E2FE-8C2F-40E5-BA65-9886562CA037}.Release|x64.ActiveCfg = Release|Any CPU
		{E7E8E2FE-8C2F-40E5-BA65-9886562CA037}.Release|x64.Build.0 = Release|Any CPU
		{E7E8E2FE-8C2F-40E5-BA65-9886562CA037}.Release|x86.ActiveCfg = Release|Any CPU
		{E7E8E2FE-8C2F-40E5-BA65-9886562CA037}.Release|x86.Build.0 = Release|Any CPU
		{A0611860-2A06-434B-A8B7-80316156CF97}.Debug|Any CPU.ActiveCfg = Debug|Any CPU
		{A0611860-2A06-434B-A8B7-80316156CF97}.Debug|Any CPU.Build.0 = Debug|Any CPU
		{A0611860-2A06-434B-A8B7-80316156CF97}.Debug|x64.ActiveCfg = Debug|Any CPU
		{A0611860-2A06-434B-A8B7-80316156CF97}.Debug|x64.Build.0 = Debug|Any CPU
		{A0611860-2A06-434B-A8B7-80316156CF97}.Debug|x86.ActiveCfg = Debug|Any CPU
		{A0611860-2A06-434B-A8B7-80316156CF97}.Debug|x86.Build.0 = Debug|Any CPU
		{A0611860-2A06-434B-A8B7-80316156CF97}.Release|Any CPU.ActiveCfg = Release|Any CPU
		{A0611860-2A06-434B-A8B7-80316156CF97}.Release|Any CPU.Build.0 = Release|Any CPU
		{A0611860-2A06-434B-A8B7-80316156CF97}.Release|x64.ActiveCfg = Release|Any CPU
		{A0611860-2A06-434B-A8B7-80316156CF97}.Release|x64.Build.0 = Release|Any CPU
		{A0611860-2A06-434B-A8B7-80316156CF97}.Release|x86.ActiveCfg = Release|Any CPU
		{A0611860-2A06-434B-A8B7-80316156CF97}.Release|x86.Build.0 = Release|Any CPU
		{AF702974-E27A-450C-9648-2FD78F12D0AC}.Debug|Any CPU.ActiveCfg = Debug|Any CPU
		{AF702974-E27A-450C-9648-2FD78F12D0AC}.Debug|Any CPU.Build.0 = Debug|Any CPU
		{AF702974-E27A-450C-9648-2FD78F12D0AC}.Debug|x64.ActiveCfg = Debug|Any CPU
		{AF702974-E27A-450C-9648-2FD78F12D0AC}.Debug|x64.Build.0 = Debug|Any CPU
		{AF702974-E27A-450C-9648-2FD78F12D0AC}.Debug|x86.ActiveCfg = Debug|Any CPU
		{AF702974-E27A-450C-9648-2FD78F12D0AC}.Debug|x86.Build.0 = Debug|Any CPU
		{AF702974-E27A-450C-9648-2FD78F12D0AC}.Release|Any CPU.ActiveCfg = Release|Any CPU
		{AF702974-E27A-450C-9648-2FD78F12D0AC}.Release|Any CPU.Build.0 = Release|Any CPU
		{AF702974-E27A-450C-9648-2FD78F12D0AC}.Release|x64.ActiveCfg = Release|Any CPU
		{AF702974-E27A-450C-9648-2FD78F12D0AC}.Release|x64.Build.0 = Release|Any CPU
		{AF702974-E27A-450C-9648-2FD78F12D0AC}.Release|x86.ActiveCfg = Release|Any CPU
		{AF702974-E27A-450C-9648-2FD78F12D0AC}.Release|x86.Build.0 = Release|Any CPU
		{4CDD7C2C-CE36-4F1E-A0D6-56790C051AEF}.Debug|Any CPU.ActiveCfg = Debug|Any CPU
		{4CDD7C2C-CE36-4F1E-A0D6-56790C051AEF}.Debug|Any CPU.Build.0 = Debug|Any CPU
		{4CDD7C2C-CE36-4F1E-A0D6-56790C051AEF}.Debug|x64.ActiveCfg = Debug|Any CPU
		{4CDD7C2C-CE36-4F1E-A0D6-56790C051AEF}.Debug|x64.Build.0 = Debug|Any CPU
		{4CDD7C2C-CE36-4F1E-A0D6-56790C051AEF}.Debug|x86.ActiveCfg = Debug|Any CPU
		{4CDD7C2C-CE36-4F1E-A0D6-56790C051AEF}.Debug|x86.Build.0 = Debug|Any CPU
		{4CDD7C2C-CE36-4F1E-A0D6-56790C051AEF}.Release|Any CPU.ActiveCfg = Release|Any CPU
		{4CDD7C2C-CE36-4F1E-A0D6-56790C051AEF}.Release|Any CPU.Build.0 = Release|Any CPU
		{4CDD7C2C-CE36-4F1E-A0D6-56790C051AEF}.Release|x64.ActiveCfg = Release|Any CPU
		{4CDD7C2C-CE36-4F1E-A0D6-56790C051AEF}.Release|x64.Build.0 = Release|Any CPU
		{4CDD7C2C-CE36-4F1E-A0D6-56790C051AEF}.Release|x86.ActiveCfg = Release|Any CPU
		{4CDD7C2C-CE36-4F1E-A0D6-56790C051AEF}.Release|x86.Build.0 = Release|Any CPU
		{0728FCB3-7985-43A4-A5CA-F98BA1DFF7D4}.Debug|Any CPU.ActiveCfg = Debug|Any CPU
		{0728FCB3-7985-43A4-A5CA-F98BA1DFF7D4}.Debug|Any CPU.Build.0 = Debug|Any CPU
		{0728FCB3-7985-43A4-A5CA-F98BA1DFF7D4}.Debug|x64.ActiveCfg = Debug|Any CPU
		{0728FCB3-7985-43A4-A5CA-F98BA1DFF7D4}.Debug|x64.Build.0 = Debug|Any CPU
		{0728FCB3-7985-43A4-A5CA-F98BA1DFF7D4}.Debug|x86.ActiveCfg = Debug|Any CPU
		{0728FCB3-7985-43A4-A5CA-F98BA1DFF7D4}.Debug|x86.Build.0 = Debug|Any CPU
		{0728FCB3-7985-43A4-A5CA-F98BA1DFF7D4}.Release|Any CPU.ActiveCfg = Release|Any CPU
		{0728FCB3-7985-43A4-A5CA-F98BA1DFF7D4}.Release|Any CPU.Build.0 = Release|Any CPU
		{0728FCB3-7985-43A4-A5CA-F98BA1DFF7D4}.Release|x64.ActiveCfg = Release|Any CPU
		{0728FCB3-7985-43A4-A5CA-F98BA1DFF7D4}.Release|x64.Build.0 = Release|Any CPU
		{0728FCB3-7985-43A4-A5CA-F98BA1DFF7D4}.Release|x86.ActiveCfg = Release|Any CPU
		{0728FCB3-7985-43A4-A5CA-F98BA1DFF7D4}.Release|x86.Build.0 = Release|Any CPU
		{2C5F73BF-C966-42BA-8053-79FC48FFFEBF}.Debug|Any CPU.ActiveCfg = Debug|Any CPU
		{2C5F73BF-C966-42BA-8053-79FC48FFFEBF}.Debug|Any CPU.Build.0 = Debug|Any CPU
		{2C5F73BF-C966-42BA-8053-79FC48FFFEBF}.Debug|x64.ActiveCfg = Debug|Any CPU
		{2C5F73BF-C966-42BA-8053-79FC48FFFEBF}.Debug|x64.Build.0 = Debug|Any CPU
		{2C5F73BF-C966-42BA-8053-79FC48FFFEBF}.Debug|x86.ActiveCfg = Debug|Any CPU
		{2C5F73BF-C966-42BA-8053-79FC48FFFEBF}.Debug|x86.Build.0 = Debug|Any CPU
		{2C5F73BF-C966-42BA-8053-79FC48FFFEBF}.Release|Any CPU.ActiveCfg = Release|Any CPU
		{2C5F73BF-C966-42BA-8053-79FC48FFFEBF}.Release|Any CPU.Build.0 = Release|Any CPU
		{2C5F73BF-C966-42BA-8053-79FC48FFFEBF}.Release|x64.ActiveCfg = Release|Any CPU
		{2C5F73BF-C966-42BA-8053-79FC48FFFEBF}.Release|x64.Build.0 = Release|Any CPU
		{2C5F73BF-C966-42BA-8053-79FC48FFFEBF}.Release|x86.ActiveCfg = Release|Any CPU
		{2C5F73BF-C966-42BA-8053-79FC48FFFEBF}.Release|x86.Build.0 = Release|Any CPU
	EndGlobalSection
	GlobalSection(SolutionProperties) = preSolution
		HideSolutionNode = FALSE
	EndGlobalSection
	GlobalSection(NestedProjects) = preSolution
		{E7E8E2FE-8C2F-40E5-BA65-9886562CA037} = {31ACD155-106E-4A27-92AD-AC52929D9C28}
		{A0611860-2A06-434B-A8B7-80316156CF97} = {31ACD155-106E-4A27-92AD-AC52929D9C28}
		{AF702974-E27A-450C-9648-2FD78F12D0AC} = {31ACD155-106E-4A27-92AD-AC52929D9C28}
		{4CDD7C2C-CE36-4F1E-A0D6-56790C051AEF} = {5E06C9C7-9695-44AC-AB19-CE8778369F4A}
		{0728FCB3-7985-43A4-A5CA-F98BA1DFF7D4} = {5E06C9C7-9695-44AC-AB19-CE8778369F4A}
		{2C5F73BF-C966-42BA-8053-79FC48FFFEBF} = {31ACD155-106E-4A27-92AD-AC52929D9C28}
	EndGlobalSection
EndGlobal
